// !$*UTF8*$!
{
	archiveVersion = 1;
	classes = {
	};
	objectVersion = 46;
	objects = {

/* Begin PBXBuildFile section */
		A2FA2EC719D31C9800DFACBD /* AppDelegate.swift in Sources */ = {isa = PBXBuildFile; fileRef = A2FA2EC619D31C9800DFACBD /* AppDelegate.swift */; };
		A2FA2EC919D31C9800DFACBD /* ViewController.swift in Sources */ = {isa = PBXBuildFile; fileRef = A2FA2EC819D31C9800DFACBD /* ViewController.swift */; };
		A2FA2ECC19D31C9800DFACBD /* Main.storyboard in Resources */ = {isa = PBXBuildFile; fileRef = A2FA2ECA19D31C9800DFACBD /* Main.storyboard */; };
		A2FA2ECE19D31C9800DFACBD /* Images.xcassets in Resources */ = {isa = PBXBuildFile; fileRef = A2FA2ECD19D31C9800DFACBD /* Images.xcassets */; };
		A2FA2ED119D31C9800DFACBD /* LaunchScreen.xib in Resources */ = {isa = PBXBuildFile; fileRef = A2FA2ECF19D31C9800DFACBD /* LaunchScreen.xib */; };
		A2FA2EDD19D31C9800DFACBD /* FibonacciTests.swift in Sources */ = {isa = PBXBuildFile; fileRef = A2FA2EDC19D31C9800DFACBD /* FibonacciTests.swift */; };
		A2FA2EE719D31CC800DFACBD /* FibonacciModel.swift in Sources */ = {isa = PBXBuildFile; fileRef = A2FA2EE619D31CC800DFACBD /* FibonacciModel.swift */; };
/* End PBXBuildFile section */

/* Begin PBXContainerItemProxy section */
		A2FA2ED719D31C9800DFACBD /* PBXContainerItemProxy */ = {
			isa = PBXContainerItemProxy;
			containerPortal = A2FA2EB919D31C9800DFACBD /* Project object */;
			proxyType = 1;
			remoteGlobalIDString = A2FA2EC019D31C9800DFACBD;
			remoteInfo = Fibonacci;
		};
/* End PBXContainerItemProxy section */

/* Begin PBXFileReference section */
		A2FA2EC119D31C9800DFACBD /* Fibonacci.app */ = {isa = PBXFileReference; explicitFileType = wrapper.application; includeInIndex = 0; path = Fibonacci.app; sourceTree = BUILT_PRODUCTS_DIR; };
		A2FA2EC519D31C9800DFACBD /* Info.plist */ = {isa = PBXFileReference; lastKnownFileType = text.plist.xml; path = Info.plist; sourceTree = "<group>"; };
		A2FA2EC619D31C9800DFACBD /* AppDelegate.swift */ = {isa = PBXFileReference; lastKnownFileType = sourcecode.swift; path = AppDelegate.swift; sourceTree = "<group>"; };
		A2FA2EC819D31C9800DFACBD /* ViewController.swift */ = {isa = PBXFileReference; lastKnownFileType = sourcecode.swift; path = ViewController.swift; sourceTree = "<group>"; };
		A2FA2ECB19D31C9800DFACBD /* Base */ = {isa = PBXFileReference; lastKnownFileType = file.storyboard; name = Base; path = Base.lproj/Main.storyboard; sourceTree = "<group>"; };
		A2FA2ECD19D31C9800DFACBD /* Images.xcassets */ = {isa = PBXFileReference; lastKnownFileType = folder.assetcatalog; path = Images.xcassets; sourceTree = "<group>"; };
		A2FA2ED019D31C9800DFACBD /* Base */ = {isa = PBXFileReference; lastKnownFileType = file.xib; name = Base; path = Base.lproj/LaunchScreen.xib; sourceTree = "<group>"; };
		A2FA2ED619D31C9800DFACBD /* FibonacciTests.xctest */ = {isa = PBXFileReference; explicitFileType = wrapper.cfbundle; includeInIndex = 0; path = FibonacciTests.xctest; sourceTree = BUILT_PRODUCTS_DIR; };
		A2FA2EDB19D31C9800DFACBD /* Info.plist */ = {isa = PBXFileReference; lastKnownFileType = text.plist.xml; path = Info.plist; sourceTree = "<group>"; };
		A2FA2EDC19D31C9800DFACBD /* FibonacciTests.swift */ = {isa = PBXFileReference; lastKnownFileType = sourcecode.swift; path = FibonacciTests.swift; sourceTree = "<group>"; };
		A2FA2EE619D31CC800DFACBD /* FibonacciModel.swift */ = {isa = PBXFileReference; fileEncoding = 4; lastKnownFileType = sourcecode.swift; path = FibonacciModel.swift; sourceTree = "<group>"; };
/* End PBXFileReference section */

/* Begin PBXFrameworksBuildPhase section */
		A2FA2EBE19D31C9800DFACBD /* Frameworks */ = {
			isa = PBXFrameworksBuildPhase;
			buildActionMask = 2147483647;
			files = (
			);
			runOnlyForDeploymentPostprocessing = 0;
		};
		A2FA2ED319D31C9800DFACBD /* Frameworks */ = {
			isa = PBXFrameworksBuildPhase;
			buildActionMask = 2147483647;
			files = (
			);
			runOnlyForDeploymentPostprocessing = 0;
		};
/* End PBXFrameworksBuildPhase section */

/* Begin PBXGroup section */
		A2FA2EB819D31C9800DFACBD = {
			isa = PBXGroup;
			children = (
				A2FA2EC319D31C9800DFACBD /* Fibonacci */,
				A2FA2ED919D31C9800DFACBD /* FibonacciTests */,
				A2FA2EC219D31C9800DFACBD /* Products */,
			);
			sourceTree = "<group>";
		};
		A2FA2EC219D31C9800DFACBD /* Products */ = {
			isa = PBXGroup;
			children = (
				A2FA2EC119D31C9800DFACBD /* Fibonacci.app */,
				A2FA2ED619D31C9800DFACBD /* FibonacciTests.xctest */,
			);
			name = Products;
			sourceTree = "<group>";
		};
		A2FA2EC319D31C9800DFACBD /* Fibonacci */ = {
			isa = PBXGroup;
			children = (
				A2FA2EE619D31CC800DFACBD /* FibonacciModel.swift */,
				A2FA2EC819D31C9800DFACBD /* ViewController.swift */,
				A2FA2EC619D31C9800DFACBD /* AppDelegate.swift */,
				A2FA2ECA19D31C9800DFACBD /* Main.storyboard */,
				A2FA2ECD19D31C9800DFACBD /* Images.xcassets */,
				A2FA2ECF19D31C9800DFACBD /* LaunchScreen.xib */,
				A2FA2EC419D31C9800DFACBD /* Supporting Files */,
			);
			path = Fibonacci;
			sourceTree = "<group>";
		};
		A2FA2EC419D31C9800DFACBD /* Supporting Files */ = {
			isa = PBXGroup;
			children = (
				A2FA2EC519D31C9800DFACBD /* Info.plist */,
			);
			name = "Supporting Files";
			sourceTree = "<group>";
		};
		A2FA2ED919D31C9800DFACBD /* FibonacciTests */ = {
			isa = PBXGroup;
			children = (
				A2FA2EDC19D31C9800DFACBD /* FibonacciTests.swift */,
				A2FA2EDA19D31C9800DFACBD /* Supporting Files */,
			);
			path = FibonacciTests;
			sourceTree = "<group>";
		};
		A2FA2EDA19D31C9800DFACBD /* Supporting Files */ = {
			isa = PBXGroup;
			children = (
				A2FA2EDB19D31C9800DFACBD /* Info.plist */,
			);
			name = "Supporting Files";
			sourceTree = "<group>";
		};
/* End PBXGroup section */

/* Begin PBXNativeTarget section */
		A2FA2EC019D31C9800DFACBD /* Fibonacci */ = {
			isa = PBXNativeTarget;
			buildConfigurationList = A2FA2EE019D31C9800DFACBD /* Build configuration list for PBXNativeTarget "Fibonacci" */;
			buildPhases = (
				A2FA2EBD19D31C9800DFACBD /* Sources */,
				A2FA2EBE19D31C9800DFACBD /* Frameworks */,
				A2FA2EBF19D31C9800DFACBD /* Resources */,
			);
			buildRules = (
			);
			dependencies = (
			);
			name = Fibonacci;
			productName = Fibonacci;
			productReference = A2FA2EC119D31C9800DFACBD /* Fibonacci.app */;
			productType = "com.apple.product-type.application";
		};
		A2FA2ED519D31C9800DFACBD /* FibonacciTests */ = {
			isa = PBXNativeTarget;
			buildConfigurationList = A2FA2EE319D31C9800DFACBD /* Build configuration list for PBXNativeTarget "FibonacciTests" */;
			buildPhases = (
				A2FA2ED219D31C9800DFACBD /* Sources */,
				A2FA2ED319D31C9800DFACBD /* Frameworks */,
				A2FA2ED419D31C9800DFACBD /* Resources */,
			);
			buildRules = (
			);
			dependencies = (
				A2FA2ED819D31C9800DFACBD /* PBXTargetDependency */,
			);
			name = FibonacciTests;
			productName = FibonacciTests;
			productReference = A2FA2ED619D31C9800DFACBD /* FibonacciTests.xctest */;
			productType = "com.apple.product-type.bundle.unit-test";
		};
/* End PBXNativeTarget section */

/* Begin PBXProject section */
		A2FA2EB919D31C9800DFACBD /* Project object */ = {
			isa = PBXProject;
			attributes = {
				LastUpgradeCheck = 0600;
				ORGANIZATIONNAME = "Santosh Sankar";
				TargetAttributes = {
					A2FA2EC019D31C9800DFACBD = {
						CreatedOnToolsVersion = 6.0;
					};
					A2FA2ED519D31C9800DFACBD = {
						CreatedOnToolsVersion = 6.0;
						TestTargetID = A2FA2EC019D31C9800DFACBD;
					};
				};
			};
			buildConfigurationList = A2FA2EBC19D31C9800DFACBD /* Build configuration list for PBXProject "Fibonacci" */;
			compatibilityVersion = "Xcode 3.2";
			developmentRegion = English;
			hasScannedForEncodings = 0;
			knownRegions = (
				en,
				Base,
			);
			mainGroup = A2FA2EB819D31C9800DFACBD;
			productRefGroup = A2FA2EC219D31C9800DFACBD /* Products */;
			projectDirPath = "";
			projectRoot = "";
			targets = (
				A2FA2EC019D31C9800DFACBD /* Fibonacci */,
				A2FA2ED519D31C9800DFACBD /* FibonacciTests */,
			);
		};
/* End PBXProject section */

/* Begin PBXResourcesBuildPhase section */
		A2FA2EBF19D31C9800DFACBD /* Resources */ = {
			isa = PBXResourcesBuildPhase;
			buildActionMask = 2147483647;
			files = (
				A2FA2ECC19D31C9800DFACBD /* Main.storyboard in Resources */,
				A2FA2ED119D31C9800DFACBD /* LaunchScreen.xib in Resources */,
				A2FA2ECE19D31C9800DFACBD /* Images.xcassets in Resources */,
			);
			runOnlyForDeploymentPostprocessing = 0;
		};
		A2FA2ED419D31C9800DFACBD /* Resources */ = {
			isa = PBXResourcesBuildPhase;
			buildActionMask = 2147483647;
			files = (
			);
			runOnlyForDeploymentPostprocessing = 0;
		};
/* End PBXResourcesBuildPhase section */

/* Begin PBXSourcesBuildPhase section */
		A2FA2EBD19D31C9800DFACBD /* Sources */ = {
			isa = PBXSourcesBuildPhase;
			buildActionMask = 2147483647;
			files = (
				A2FA2EE719D31CC800DFACBD /* FibonacciModel.swift in Sources */,
				A2FA2EC919D31C9800DFACBD /* ViewController.swift in Sources */,
				A2FA2EC719D31C9800DFACBD /* AppDelegate.swift in Sources */,
			);
			runOnlyForDeploymentPostprocessing = 0;
		};
		A2FA2ED219D31C9800DFACBD /* Sources */ = {
			isa = PBXSourcesBuildPhase;
			buildActionMask = 2147483647;
			files = (
				A2FA2EDD19D31C9800DFACBD /* FibonacciTests.swift in Sources */,
			);
			runOnlyForDeploymentPostprocessing = 0;
		};
/* End PBXSourcesBuildPhase section */

/* Begin PBXTargetDependency section */
		A2FA2ED819D31C9800DFACBD /* PBXTargetDependency */ = {
			isa = PBXTargetDependency;
			target = A2FA2EC019D31C9800DFACBD /* Fibonacci */;
			targetProxy = A2FA2ED719D31C9800DFACBD /* PBXContainerItemProxy */;
		};
/* End PBXTargetDependency section */

/* Begin PBXVariantGroup section */
		A2FA2ECA19D31C9800DFACBD /* Main.storyboard */ = {
			isa = PBXVariantGroup;
			children = (
				A2FA2ECB19D31C9800DFACBD /* Base */,
			);
			name = Main.storyboard;
			sourceTree = "<group>";
		};
		A2FA2ECF19D31C9800DFACBD /* LaunchScreen.xib */ = {
			isa = PBXVariantGroup;
			children = (
				A2FA2ED019D31C9800DFACBD /* Base */,
			);
			name = LaunchScreen.xib;
			sourceTree = "<group>";
		};
/* End PBXVariantGroup section */

/* Begin XCBuildConfiguration section */
		A2FA2EDE19D31C9800DFACBD /* Debug */ = {
			isa = XCBuildConfiguration;
			buildSettings = {
				ALWAYS_SEARCH_USER_PATHS = NO;
				CLANG_CXX_LANGUAGE_STANDARD = "gnu++0x";
				CLANG_CXX_LIBRARY = "libc++";
				CLANG_ENABLE_MODULES = YES;
				CLANG_ENABLE_OBJC_ARC = YES;
				CLANG_WARN_BOOL_CONVERSION = YES;
				CLANG_WARN_CONSTANT_CONVERSION = YES;
				CLANG_WARN_DIRECT_OBJC_ISA_USAGE = YES_ERROR;
				CLANG_WARN_EMPTY_BODY = YES;
				CLANG_WARN_ENUM_CONVERSION = YES;
				CLANG_WARN_INT_CONVERSION = YES;
				CLANG_WARN_OBJC_ROOT_CLASS = YES_ERROR;
				CLANG_WARN_UNREACHABLE_CODE = YES;
				CLANG_WARN__DUPLICATE_METHOD_MATCH = YES;
				"CODE_SIGN_IDENTITY[sdk=iphoneos*]" = "iPhone Developer";
				COPY_PHASE_STRIP = NO;
				ENABLE_STRICT_OBJC_MSGSEND = YES;
				GCC_C_LANGUAGE_STANDARD = gnu99;
				GCC_DYNAMIC_NO_PIC = NO;
				GCC_OPTIMIZATION_LEVEL = 0;
				GCC_PREPROCESSOR_DEFINITIONS = (
					"DEBUG=1",
					"$(inherited)",
				);
				GCC_SYMBOLS_PRIVATE_EXTERN = NO;
				GCC_WARN_64_TO_32_BIT_CONVERSION = YES;
				GCC_WARN_ABOUT_RETURN_TYPE = YES_ERROR;
				GCC_WARN_UNDECLARED_SELECTOR = YES;
				GCC_WARN_UNINITIALIZED_AUTOS = YES_AGGRESSIVE;
				GCC_WARN_UNUSED_FUNCTION = YES;
				GCC_WARN_UNUSED_VARIABLE = YES;
				IPHONEOS_DEPLOYMENT_TARGET = 8.0;
				MTL_ENABLE_DEBUG_INFO = YES;
				ONLY_ACTIVE_ARCH = YES;
				SDKROOT = iphoneos;
				SWIFT_OPTIMIZATION_LEVEL = "-Onone";
			};
			name = Debug;
		};
		A2FA2EDF19D31C9800DFACBD /* Release */ = {
			isa = XCBuildConfiguration;
			buildSettings = {
				ALWAYS_SEARCH_USER_PATHS = NO;
				CLANG_CXX_LANGUAGE_STANDARD = "gnu++0x";
				CLANG_CXX_LIBRARY = "libc++";
				CLANG_ENABLE_MODULES = YES;
				CLANG_ENABLE_OBJC_ARC = YES;
				CLANG_WARN_BOOL_CONVERSION = YES;
				CLANG_WARN_CONSTANT_CONVERSION = YES;
				CLANG_WARN_DIRECT_OBJC_ISA_USAGE = YES_ERROR;
				CLANG_WARN_EMPTY_BODY = YES;
				CLANG_WARN_ENUM_CONVERSION = YES;
				CLANG_WARN_INT_CONVERSION = YES;
				CLANG_WARN_OBJC_ROOT_CLASS = YES_ERROR;
				CLANG_WARN_UNREACHABLE_CODE = YES;
				CLANG_WARN__DUPLICATE_METHOD_MATCH = YES;
				"CODE_SIGN_IDENTITY[sdk=iphoneos*]" = "iPhone Developer";
				COPY_PHASE_STRIP = YES;
				ENABLE_NS_ASSERTIONS = NO;
				ENABLE_STRICT_OBJC_MSGSEND = YES;
				GCC_C_LANGUAGE_STANDARD = gnu99;
				GCC_WARN_64_TO_32_BIT_CONVERSION = YES;
				GCC_WARN_ABOUT_RETURN_TYPE = YES_ERROR;
				GCC_WARN_UNDECLARED_SELECTOR = YES;
				GCC_WARN_UNINITIALIZED_AUTOS = YES_AGGRESSIVE;
				GCC_WARN_UNUSED_FUNCTION = YES;
				GCC_WARN_UNUSED_VARIABLE = YES;
				IPHONEOS_DEPLOYMENT_TARGET = 8.0;
				MTL_ENABLE_DEBUG_INFO = NO;
				SDKROOT = iphoneos;
				VALIDATE_PRODUCT = YES;
			};
			name = Release;
		};
		A2FA2EE119D31C9800DFACBD /* Debug */ = {
			isa = XCBuildConfiguration;
			buildSettings = {
				ASSETCATALOG_COMPILER_APPICON_NAME = AppIcon;
				INFOPLIST_FILE = Fibonacci/Info.plist;
				LD_RUNPATH_SEARCH_PATHS = "$(inherited) @executable_path/Frameworks";
				PRODUCT_NAME = "$(TARGET_NAME)";
			};
			name = Debug;
		};
		A2FA2EE219D31C9800DFACBD /* Release */ = {
			isa = XCBuildConfiguration;
			buildSettings = {
				ASSETCATALOG_COMPILER_APPICON_NAME = AppIcon;
				INFOPLIST_FILE = Fibonacci/Info.plist;
				LD_RUNPATH_SEARCH_PATHS = "$(inherited) @executable_path/Frameworks";
				PRODUCT_NAME = "$(TARGET_NAME)";
			};
			name = Release;
		};
		A2FA2EE419D31C9800DFACBD /* Debug */ = {
			isa = XCBuildConfiguration;
			buildSettings = {
				BUNDLE_LOADER = "$(TEST_HOST)";
				FRAMEWORK_SEARCH_PATHS = (
					"$(SDKROOT)/Developer/Library/Frameworks",
					"$(inherited)",
				);
				GCC_PREPROCESSOR_DEFINITIONS = (
					"DEBUG=1",
					"$(inherited)",
				);
				INFOPLIST_FILE = FibonacciTests/Info.plist;
				LD_RUNPATH_SEARCH_PATHS = "$(inherited) @executable_path/Frameworks @loader_path/Frameworks";
				PRODUCT_NAME = "$(TARGET_NAME)";
				TEST_HOST = "$(BUILT_PRODUCTS_DIR)/Fibonacci.app/Fibonacci";
			};
			name = Debug;
		};
		A2FA2EE519D31C9800DFACBD /* Release */ = {
			isa = XCBuildConfiguration;
			buildSettings = {
				BUNDLE_LOADER = "$(TEST_HOST)";
				FRAMEWORK_SEARCH_PATHS = (
					"$(SDKROOT)/Developer/Library/Frameworks",
					"$(inherited)",
				);
				INFOPLIST_FILE = FibonacciTests/Info.plist;
				LD_RUNPATH_SEARCH_PATHS = "$(inherited) @executable_path/Frameworks @loader_path/Frameworks";
				PRODUCT_NAME = "$(TARGET_NAME)";
				TEST_HOST = "$(BUILT_PRODUCTS_DIR)/Fibonacci.app/Fibonacci";
			};
			name = Release;
		};
/* End XCBuildConfiguration section */

/* Begin XCConfigurationList section */
		A2FA2EBC19D31C9800DFACBD /* Build configuration list for PBXProject "Fibonacci" */ = {
			isa = XCConfigurationList;
			buildConfigurations = (
				A2FA2EDE19D31C9800DFACBD /* Debug */,
				A2FA2EDF19D31C9800DFACBD /* Release */,
			);
			defaultConfigurationIsVisible = 0;
			defaultConfigurationName = Release;
		};
		A2FA2EE019D31C9800DFACBD /* Build configuration list for PBXNativeTarget "Fibonacci" */ = {
			isa = XCConfigurationList;
			buildConfigurations = (
				A2FA2EE119D31C9800DFACBD /* Debug */,
				A2FA2EE219D31C9800DFACBD /* Release */,
			);
			defaultConfigurationIsVisible = 0;
		};
		A2FA2EE319D31C9800DFACBD /* Build configuration list for PBXNativeTarget "FibonacciTests" */ = {
			isa = XCConfigurationList;
			buildConfigurations = (
				A2FA2EE419D31C9800DFACBD /* Debug */,
				A2FA2EE519D31C9800DFACBD /* Release */,
			);
			defaultConfigurationIsVisible = 0;
		};
/* End XCConfigurationList section */
	};
	rootObject = A2FA2EB919D31C9800DFACBD /* Project object */;
}
